
Microsoft Visual Studio Solution File, Format Version 12.00
# Visual Studio Version 17
VisualStudioVersion = 17.8.34511.84
MinimumVisualStudioVersion = 10.0.40219.1
Project("{9A19103F-16F7-4668-BE54-9A1E7A4F7556}") = "DSLearn", "API_Learn\DSLearn.csproj", "{25D457FD-6BD3-47C2-B99F-9FAEC57DCAFC}"
EndProject
Project("{FAE04EC0-301F-11D3-BF4B-00C04F79EFBC}") = "DSLearnTests", "DSLearnTests\DSLearnTests.csproj", "{CCB88EA4-BB91-4102-B26A-F0285D743F7E}"
EndProject
Global
	GlobalSection(SolutionConfigurationPlatforms) = preSolution
		Debug|Any CPU = Debug|Any CPU
		Release|Any CPU = Release|Any CPU
	EndGlobalSection
	GlobalSection(ProjectConfigurationPlatforms) = postSolution
		{25D457FD-6BD3-47C2-B99F-9FAEC57DCAFC}.Debug|Any CPU.ActiveCfg = Debug|Any CPU
		{25D457FD-6BD3-47C2-B99F-9FAEC57DCAFC}.Debug|Any CPU.Build.0 = Debug|Any CPU
		{25D457FD-6BD3-47C2-B99F-9FAEC57DCAFC}.Release|Any CPU.ActiveCfg = Release|Any CPU
		{25D457FD-6BD3-47C2-B99F-9FAEC57DCAFC}.Release|Any CPU.Build.0 = Release|Any CPU
		{CCB88EA4-BB91-4102-B26A-F0285D743F7E}.Debug|Any CPU.ActiveCfg = Debug|Any CPU
		{CCB88EA4-BB91-4102-B26A-F0285D743F7E}.Debug|Any CPU.Build.0 = Debug|Any CPU
		{CCB88EA4-BB91-4102-B26A-F0285D743F7E}.Release|Any CPU.ActiveCfg = Release|Any CPU
		{CCB88EA4-BB91-4102-B26A-F0285D743F7E}.Release|Any CPU.Build.0 = Release|Any CPU
	EndGlobalSection
	GlobalSection(SolutionProperties) = preSolution
		HideSolutionNode = FALSE
	EndGlobalSection
	GlobalSection(ExtensibilityGlobals) = postSolution
		SolutionGuid = {B561203B-3082-4F0A-B9D0-7607A799CDC6}
	EndGlobalSection
EndGlobal
