
Microsoft Visual Studio Solution File, Format Version 12.00
# Visual Studio Version 17
VisualStudioVersion = 17.8.34511.84
MinimumVisualStudioVersion = 10.0.40219.1
Project("{9A19103F-16F7-4668-BE54-9A1E7A4F7556}") = "ApiCatalogo", "ApiCatalogo\ApiCatalogo.csproj", "{EE39F0A1-9414-4F5E-806D-F356D9A7D8EC}"
EndProject
Project("{FAE04EC0-301F-11D3-BF4B-00C04F79EFBC}") = "ApiCatalogoxUnitTest", "ApiCatalogoxUnitTest\ApiCatalogoxUnitTest.csproj", "{DAD3777A-4F44-4404-8D03-B3BD78FC5049}"
EndProject
Global
	GlobalSection(SolutionConfigurationPlatforms) = preSolution
		Debug|Any CPU = Debug|Any CPU
		Release|Any CPU = Release|Any CPU
	EndGlobalSection
	GlobalSection(ProjectConfigurationPlatforms) = postSolution
		{EE39F0A1-9414-4F5E-806D-F356D9A7D8EC}.Debug|Any CPU.ActiveCfg = Debug|Any CPU
		{EE39F0A1-9414-4F5E-806D-F356D9A7D8EC}.Debug|Any CPU.Build.0 = Debug|Any CPU
		{EE39F0A1-9414-4F5E-806D-F356D9A7D8EC}.Release|Any CPU.ActiveCfg = Release|Any CPU
		{EE39F0A1-9414-4F5E-806D-F356D9A7D8EC}.Release|Any CPU.Build.0 = Release|Any CPU
		{DAD3777A-4F44-4404-8D03-B3BD78FC5049}.Debug|Any CPU.ActiveCfg = Debug|Any CPU
		{DAD3777A-4F44-4404-8D03-B3BD78FC5049}.Debug|Any CPU.Build.0 = Debug|Any CPU
		{DAD3777A-4F44-4404-8D03-B3BD78FC5049}.Release|Any CPU.ActiveCfg = Release|Any CPU
		{DAD3777A-4F44-4404-8D03-B3BD78FC5049}.Release|Any CPU.Build.0 = Release|Any CPU
	EndGlobalSection
	GlobalSection(SolutionProperties) = preSolution
		HideSolutionNode = FALSE
	EndGlobalSection
EndGlobal
