
Microsoft Visual Studio Solution File, Format Version 12.00
# Visual Studio Version 17
VisualStudioVersion = 17.8.34511.84
MinimumVisualStudioVersion = 10.0.40219.1
Project("{FAE04EC0-301F-11D3-BF4B-00C04F79EFBC}") = "Catalogo.Entities", "Catalogo.Entities\Catalogo.Entities.csproj", "{3BB1E5D6-0B4D-4AC4-AE6E-38EF2296AFF3}"
EndProject
Project("{FAE04EC0-301F-11D3-BF4B-00C04F79EFBC}") = "Catalogo.Application", "Catalogo.Application\Catalogo.Application.csproj", "{D9CE27EA-F6A5-44BF-92B0-E377D6ACB86C}"
EndProject
Project("{FAE04EC0-301F-11D3-BF4B-00C04F79EFBC}") = "Catalogo.Infrastructure", "Catalogo.Infraestructure\Catalogo.Infrastructure.csproj", "{9F44C8BA-DB8B-4759-A482-EBA54699660A}"
EndProject
Project("{FAE04EC0-301F-11D3-BF4B-00C04F79EFBC}") = "Catalogo.CrossCutting", "Catalogo.CrossCutting\Catalogo.CrossCutting.csproj", "{1AFF9B1F-46DD-48D1-B947-5EF433437570}"
EndProject
Project("{FAE04EC0-301F-11D3-BF4B-00C04F79EFBC}") = "Catalogo.API", "Catalogo.API\Catalogo.API.csproj", "{BEFFF709-2D14-46FD-8455-22FFAD200FAD}"
EndProject
Global
	GlobalSection(SolutionConfigurationPlatforms) = preSolution
		Debug|Any CPU = Debug|Any CPU
		Release|Any CPU = Release|Any CPU
	EndGlobalSection
	GlobalSection(ProjectConfigurationPlatforms) = postSolution
		{3BB1E5D6-0B4D-4AC4-AE6E-38EF2296AFF3}.Debug|Any CPU.ActiveCfg = Debug|Any CPU
		{3BB1E5D6-0B4D-4AC4-AE6E-38EF2296AFF3}.Debug|Any CPU.Build.0 = Debug|Any CPU
		{3BB1E5D6-0B4D-4AC4-AE6E-38EF2296AFF3}.Release|Any CPU.ActiveCfg = Release|Any CPU
		{3BB1E5D6-0B4D-4AC4-AE6E-38EF2296AFF3}.Release|Any CPU.Build.0 = Release|Any CPU
		{D9CE27EA-F6A5-44BF-92B0-E377D6ACB86C}.Debug|Any CPU.ActiveCfg = Debug|Any CPU
		{D9CE27EA-F6A5-44BF-92B0-E377D6ACB86C}.Debug|Any CPU.Build.0 = Debug|Any CPU
		{D9CE27EA-F6A5-44BF-92B0-E377D6ACB86C}.Release|Any CPU.ActiveCfg = Release|Any CPU
		{D9CE27EA-F6A5-44BF-92B0-E377D6ACB86C}.Release|Any CPU.Build.0 = Release|Any CPU
		{9F44C8BA-DB8B-4759-A482-EBA54699660A}.Debug|Any CPU.ActiveCfg = Debug|Any CPU
		{9F44C8BA-DB8B-4759-A482-EBA54699660A}.Debug|Any CPU.Build.0 = Debug|Any CPU
		{9F44C8BA-DB8B-4759-A482-EBA54699660A}.Release|Any CPU.ActiveCfg = Release|Any CPU
		{9F44C8BA-DB8B-4759-A482-EBA54699660A}.Release|Any CPU.Build.0 = Release|Any CPU
		{1AFF9B1F-46DD-48D1-B947-5EF433437570}.Debug|Any CPU.ActiveCfg = Debug|Any CPU
		{1AFF9B1F-46DD-48D1-B947-5EF433437570}.Debug|Any CPU.Build.0 = Debug|Any CPU
		{1AFF9B1F-46DD-48D1-B947-5EF433437570}.Release|Any CPU.ActiveCfg = Release|Any CPU
		{1AFF9B1F-46DD-48D1-B947-5EF433437570}.Release|Any CPU.Build.0 = Release|Any CPU
		{BEFFF709-2D14-46FD-8455-22FFAD200FAD}.Debug|Any CPU.ActiveCfg = Debug|Any CPU
		{BEFFF709-2D14-46FD-8455-22FFAD200FAD}.Debug|Any CPU.Build.0 = Debug|Any CPU
		{BEFFF709-2D14-46FD-8455-22FFAD200FAD}.Release|Any CPU.ActiveCfg = Release|Any CPU
		{BEFFF709-2D14-46FD-8455-22FFAD200FAD}.Release|Any CPU.Build.0 = Release|Any CPU
	EndGlobalSection
	GlobalSection(SolutionProperties) = preSolution
		HideSolutionNode = FALSE
	EndGlobalSection
	GlobalSection(ExtensibilityGlobals) = postSolution
		SolutionGuid = {384E0667-2179-4D91-9E35-7851802A17CF}
	EndGlobalSection
EndGlobal
